
Microsoft Visual Studio Solution File, Format Version 11.00
# Visual Studio 2010
Project("{FAE04EC0-301F-11D3-BF4B-00C04F79EFBC}") = "Assembly-CSharp-firstpass", "Assembly-CSharp-firstpass.csproj", "{BFA32437-C6FB-5D7B-E7AE-07C6FF48B801}"
EndProject
Project("{FAE04EC0-301F-11D3-BF4B-00C04F79EFBC}") = "Assembly-CSharp", "Assembly-CSharp.csproj", "{678CB6A0-F8BA-2699-72B2-76D0B79B69EE}"
EndProject
Project("{FAE04EC0-301F-11D3-BF4B-00C04F79EFBC}") = "Assembly-CSharp-Editor", "Assembly-CSharp-Editor.csproj", "{DEE41AD1-44D8-9955-0019-2AE85B976D64}"
EndProject
Global
	GlobalSection(SolutionConfigurationPlatforms) = preSolution
		Debug|Any CPU = Debug|Any CPU
		Release|Any CPU = Release|Any CPU
	EndGlobalSection
	GlobalSection(ProjectConfigurationPlatforms) = postSolution
		{BFA32437-C6FB-5D7B-E7AE-07C6FF48B801}.Debug|Any CPU.ActiveCfg = Debug|Any CPU
		{BFA32437-C6FB-5D7B-E7AE-07C6FF48B801}.Debug|Any CPU.Build.0 = Debug|Any CPU
		{BFA32437-C6FB-5D7B-E7AE-07C6FF48B801}.Release|Any CPU.ActiveCfg = Release|Any CPU
		{BFA32437-C6FB-5D7B-E7AE-07C6FF48B801}.Release|Any CPU.Build.0 = Release|Any CPU
		{678CB6A0-F8BA-2699-72B2-76D0B79B69EE}.Debug|Any CPU.ActiveCfg = Debug|Any CPU
		{678CB6A0-F8BA-2699-72B2-76D0B79B69EE}.Debug|Any CPU.Build.0 = Debug|Any CPU
		{678CB6A0-F8BA-2699-72B2-76D0B79B69EE}.Release|Any CPU.ActiveCfg = Release|Any CPU
		{678CB6A0-F8BA-2699-72B2-76D0B79B69EE}.Release|Any CPU.Build.0 = Release|Any CPU
		{DEE41AD1-44D8-9955-0019-2AE85B976D64}.Debug|Any CPU.ActiveCfg = Debug|Any CPU
		{DEE41AD1-44D8-9955-0019-2AE85B976D64}.Debug|Any CPU.Build.0 = Debug|Any CPU
		{DEE41AD1-44D8-9955-0019-2AE85B976D64}.Release|Any CPU.ActiveCfg = Release|Any CPU
		{DEE41AD1-44D8-9955-0019-2AE85B976D64}.Release|Any CPU.Build.0 = Release|Any CPU
	EndGlobalSection
	GlobalSection(SolutionProperties) = preSolution
		HideSolutionNode = FALSE
	EndGlobalSection
EndGlobal
